# @generated by Move, please check-in and do not edit manually.

[move]
version = 3
manifest_digest = "05ADE76A9C01C7BBA55472DC1445D9AB1609D7C4322ACFCE01368C5127EA0B62"
deps_digest = "F8BBB0CCB2491CA29A3DF03D6F92277A4F3574266507ACD77214D37ECA3F3082"
dependencies = [
  { id = "Sui", name = "Sui" },
]

[[move.package]]
id = "MoveStdlib"
source = { git = "https://github.com/MystenLabs/sui.git", rev = "framework/testnet", subdir = "crates/sui-framework/packages/move-stdlib" }

[[move.package]]
id = "Sui"
source = { git = "https://github.com/MystenLabs/sui.git", rev = "framework/testnet", subdir = "crates/sui-framework/packages/sui-framework" }

dependencies = [
  { id = "MoveStdlib", name = "MoveStdlib" },
]

[move.toolchain-version]
compiler-version = "1.45.0"
edition = "2024.beta"
flavor = "sui"

[env]

[env.localnet]
chain-id = "8f3d25be"
original-published-id = "0x0000000000000000000000000000000000000000000000000000000000000000"
latest-published-id = "0x77a941814d0d8afda8354287579ec7a1de2bd2e23348863fe5676f2a999b1949"
published-version = "1"
